// !$*UTF8*$!
{
	archiveVersion = 1;
	classes = {
	};
	objectVersion = 56;
	objects = {

/* Begin PBXBuildFile section */
		839EC07E29B903630094DCA5 /* AppDelegate.swift in Sources */ = {isa = PBXBuildFile; fileRef = 839EC07D29B903630094DCA5 /* AppDelegate.swift */; };
		839EC08029B903630094DCA5 /* SceneDelegate.swift in Sources */ = {isa = PBXBuildFile; fileRef = 839EC07F29B903630094DCA5 /* SceneDelegate.swift */; };
		839EC08729B903640094DCA5 /* Assets.xcassets in Resources */ = {isa = PBXBuildFile; fileRef = 839EC08629B903640094DCA5 /* Assets.xcassets */; };
		839EC08A29B903640094DCA5 /* LaunchScreen.storyboard in Resources */ = {isa = PBXBuildFile; fileRef = 839EC08829B903640094DCA5 /* LaunchScreen.storyboard */; };
		839EC09629B904590094DCA5 /* ListaContactos.swift in Sources */ = {isa = PBXBuildFile; fileRef = 839EC09429B904590094DCA5 /* ListaContactos.swift */; };
		839EC09729B904590094DCA5 /* ListaContactos.xib in Resources */ = {isa = PBXBuildFile; fileRef = 839EC09529B904590094DCA5 /* ListaContactos.xib */; };
		839EC09A29B9046E0094DCA5 /* NuevoContacto.swift in Sources */ = {isa = PBXBuildFile; fileRef = 839EC09829B9046E0094DCA5 /* NuevoContacto.swift */; };
		839EC09B29B9046E0094DCA5 /* NuevoContacto.xib in Resources */ = {isa = PBXBuildFile; fileRef = 839EC09929B9046E0094DCA5 /* NuevoContacto.xib */; };
		839EC09E29B904A50094DCA5 /* ContactoCell.swift in Sources */ = {isa = PBXBuildFile; fileRef = 839EC09C29B904A50094DCA5 /* ContactoCell.swift */; };
		839EC09F29B904A50094DCA5 /* ContactoCell.xib in Resources */ = {isa = PBXBuildFile; fileRef = 839EC09D29B904A50094DCA5 /* ContactoCell.xib */; };
		839EC0A129B906080094DCA5 /* Constants.swift in Sources */ = {isa = PBXBuildFile; fileRef = 839EC0A029B906080094DCA5 /* Constants.swift */; };
		839EC0A329B906600094DCA5 /* Contacto.swift in Sources */ = {isa = PBXBuildFile; fileRef = 839EC0A229B906600094DCA5 /* Contacto.swift */; };
		839EC0A529B906C20094DCA5 /* ContactosViewModel.swift in Sources */ = {isa = PBXBuildFile; fileRef = 839EC0A429B906C20094DCA5 /* ContactosViewModel.swift */; };
		FAC61B554C11DF1517A18A85 /* Pods_contactos_app.framework in Frameworks */ = {isa = PBXBuildFile; fileRef = B82DE8529F78891D439CF7E8 /* Pods_contactos_app.framework */; };
/* End PBXBuildFile section */

/* Begin PBXFileReference section */
		839EC07A29B903630094DCA5 /* contactos-app.app */ = {isa = PBXFileReference; explicitFileType = wrapper.application; includeInIndex = 0; path = "contactos-app.app"; sourceTree = BUILT_PRODUCTS_DIR; };
		839EC07D29B903630094DCA5 /* AppDelegate.swift */ = {isa = PBXFileReference; lastKnownFileType = sourcecode.swift; path = AppDelegate.swift; sourceTree = "<group>"; };
		839EC07F29B903630094DCA5 /* SceneDelegate.swift */ = {isa = PBXFileReference; lastKnownFileType = sourcecode.swift; path = SceneDelegate.swift; sourceTree = "<group>"; };
		839EC08629B903640094DCA5 /* Assets.xcassets */ = {isa = PBXFileReference; lastKnownFileType = folder.assetcatalog; path = Assets.xcassets; sourceTree = "<group>"; };
		839EC08929B903640094DCA5 /* Base */ = {isa = PBXFileReference; lastKnownFileType = file.storyboard; name = Base; path = Base.lproj/LaunchScreen.storyboard; sourceTree = "<group>"; };
		839EC08B29B903640094DCA5 /* Info.plist */ = {isa = PBXFileReference; lastKnownFileType = text.plist.xml; path = Info.plist; sourceTree = "<group>"; };
		839EC09429B904590094DCA5 /* ListaContactos.swift */ = {isa = PBXFileReference; lastKnownFileType = sourcecode.swift; path = ListaContactos.swift; sourceTree = "<group>"; };
		839EC09529B904590094DCA5 /* ListaContactos.xib */ = {isa = PBXFileReference; lastKnownFileType = file.xib; path = ListaContactos.xib; sourceTree = "<group>"; };
		839EC09829B9046E0094DCA5 /* NuevoContacto.swift */ = {isa = PBXFileReference; lastKnownFileType = sourcecode.swift; path = NuevoContacto.swift; sourceTree = "<group>"; };
		839EC09929B9046E0094DCA5 /* NuevoContacto.xib */ = {isa = PBXFileReference; lastKnownFileType = file.xib; path = NuevoContacto.xib; sourceTree = "<group>"; };
		839EC09C29B904A50094DCA5 /* ContactoCell.swift */ = {isa = PBXFileReference; lastKnownFileType = sourcecode.swift; path = ContactoCell.swift; sourceTree = "<group>"; };
		839EC09D29B904A50094DCA5 /* ContactoCell.xib */ = {isa = PBXFileReference; lastKnownFileType = file.xib; path = ContactoCell.xib; sourceTree = "<group>"; };
		839EC0A029B906080094DCA5 /* Constants.swift */ = {isa = PBXFileReference; lastKnownFileType = sourcecode.swift; path = Constants.swift; sourceTree = "<group>"; };
		839EC0A229B906600094DCA5 /* Contacto.swift */ = {isa = PBXFileReference; lastKnownFileType = sourcecode.swift; path = Contacto.swift; sourceTree = "<group>"; };
		839EC0A429B906C20094DCA5 /* ContactosViewModel.swift */ = {isa = PBXFileReference; lastKnownFileType = sourcecode.swift; path = ContactosViewModel.swift; sourceTree = "<group>"; };
		B82DE8529F78891D439CF7E8 /* Pods_contactos_app.framework */ = {isa = PBXFileReference; explicitFileType = wrapper.framework; includeInIndex = 0; path = Pods_contactos_app.framework; sourceTree = BUILT_PRODUCTS_DIR; };
		C56465D0ED35BB45A23B6F20 /* Pods-contactos-app.debug.xcconfig */ = {isa = PBXFileReference; includeInIndex = 1; lastKnownFileType = text.xcconfig; name = "Pods-contactos-app.debug.xcconfig"; path = "Target Support Files/Pods-contactos-app/Pods-contactos-app.debug.xcconfig"; sourceTree = "<group>"; };
		D107947307F3DDBFF20084C4 /* Pods-contactos-app.release.xcconfig */ = {isa = PBXFileReference; includeInIndex = 1; lastKnownFileType = text.xcconfig; name = "Pods-contactos-app.release.xcconfig"; path = "Target Support Files/Pods-contactos-app/Pods-contactos-app.release.xcconfig"; sourceTree = "<group>"; };
/* End PBXFileReference section */

/* Begin PBXFrameworksBuildPhase section */
		839EC07729B903630094DCA5 /* Frameworks */ = {
			isa = PBXFrameworksBuildPhase;
			buildActionMask = 2147483647;
			files = (
				FAC61B554C11DF1517A18A85 /* Pods_contactos_app.framework in Frameworks */,
			);
			runOnlyForDeploymentPostprocessing = 0;
		};
/* End PBXFrameworksBuildPhase section */

/* Begin PBXGroup section */
		48B7F9DF9FEAF2646E9D57EE /* Pods */ = {
			isa = PBXGroup;
			children = (
				C56465D0ED35BB45A23B6F20 /* Pods-contactos-app.debug.xcconfig */,
				D107947307F3DDBFF20084C4 /* Pods-contactos-app.release.xcconfig */,
			);
			path = Pods;
			sourceTree = "<group>";
		};
		839EC07129B903630094DCA5 = {
			isa = PBXGroup;
			children = (
				839EC07C29B903630094DCA5 /* contactos-app */,
				839EC07B29B903630094DCA5 /* Products */,
				48B7F9DF9FEAF2646E9D57EE /* Pods */,
				B3D005549ED52988FCE331C3 /* Frameworks */,
			);
			sourceTree = "<group>";
		};
		839EC07B29B903630094DCA5 /* Products */ = {
			isa = PBXGroup;
			children = (
				839EC07A29B903630094DCA5 /* contactos-app.app */,
			);
			name = Products;
			sourceTree = "<group>";
		};
		839EC07C29B903630094DCA5 /* contactos-app */ = {
			isa = PBXGroup;
			children = (
				839EC07D29B903630094DCA5 /* AppDelegate.swift */,
				839EC07F29B903630094DCA5 /* SceneDelegate.swift */,
				839EC09129B903FB0094DCA5 /* Model */,
				839EC09229B9040B0094DCA5 /* View */,
				839EC09329B904140094DCA5 /* ViewModel */,
				839EC08629B903640094DCA5 /* Assets.xcassets */,
				839EC08829B903640094DCA5 /* LaunchScreen.storyboard */,
				839EC08B29B903640094DCA5 /* Info.plist */,
				839EC0A029B906080094DCA5 /* Constants.swift */,
			);
			path = "contactos-app";
			sourceTree = "<group>";
		};
		839EC09129B903FB0094DCA5 /* Model */ = {
			isa = PBXGroup;
			children = (
				839EC0A229B906600094DCA5 /* Contacto.swift */,
			);
			path = Model;
			sourceTree = "<group>";
		};
		839EC09229B9040B0094DCA5 /* View */ = {
			isa = PBXGroup;
			children = (
				839EC09429B904590094DCA5 /* ListaContactos.swift */,
				839EC09529B904590094DCA5 /* ListaContactos.xib */,
				839EC09829B9046E0094DCA5 /* NuevoContacto.swift */,
				839EC09929B9046E0094DCA5 /* NuevoContacto.xib */,
				839EC09C29B904A50094DCA5 /* ContactoCell.swift */,
				839EC09D29B904A50094DCA5 /* ContactoCell.xib */,
			);
			path = View;
			sourceTree = "<group>";
		};
		839EC09329B904140094DCA5 /* ViewModel */ = {
			isa = PBXGroup;
			children = (
				839EC0A429B906C20094DCA5 /* ContactosViewModel.swift */,
			);
			path = ViewModel;
			sourceTree = "<group>";
		};
		B3D005549ED52988FCE331C3 /* Frameworks */ = {
			isa = PBXGroup;
			children = (
				B82DE8529F78891D439CF7E8 /* Pods_contactos_app.framework */,
			);
			name = Frameworks;
			sourceTree = "<group>";
		};
/* End PBXGroup section */

/* Begin PBXNativeTarget section */
		839EC07929B903630094DCA5 /* contactos-app */ = {
			isa = PBXNativeTarget;
			buildConfigurationList = 839EC08E29B903640094DCA5 /* Build configuration list for PBXNativeTarget "contactos-app" */;
			buildPhases = (
				44A760ED91817054B73AD917 /* [CP] Check Pods Manifest.lock */,
				839EC07629B903630094DCA5 /* Sources */,
				839EC07729B903630094DCA5 /* Frameworks */,
				839EC07829B903630094DCA5 /* Resources */,
				3202388A579E1D31BF593FCF /* [CP] Embed Pods Frameworks */,
			);
			buildRules = (
			);
			dependencies = (
			);
			name = "contactos-app";
			productName = "contactos-app";
			productReference = 839EC07A29B903630094DCA5 /* contactos-app.app */;
			productType = "com.apple.product-type.application";
		};
/* End PBXNativeTarget section */

/* Begin PBXProject section */
		839EC07229B903630094DCA5 /* Project object */ = {
			isa = PBXProject;
			attributes = {
				BuildIndependentTargetsInParallel = 1;
				LastSwiftUpdateCheck = 1420;
				LastUpgradeCheck = 1420;
				TargetAttributes = {
					839EC07929B903630094DCA5 = {
						CreatedOnToolsVersion = 14.2;
					};
				};
			};
			buildConfigurationList = 839EC07529B903630094DCA5 /* Build configuration list for PBXProject "contactos-app" */;
			compatibilityVersion = "Xcode 14.0";
			developmentRegion = en;
			hasScannedForEncodings = 0;
			knownRegions = (
				en,
				Base,
			);
			mainGroup = 839EC07129B903630094DCA5;
			productRefGroup = 839EC07B29B903630094DCA5 /* Products */;
			projectDirPath = "";
			projectRoot = "";
			targets = (
				839EC07929B903630094DCA5 /* contactos-app */,
			);
		};
/* End PBXProject section */

/* Begin PBXResourcesBuildPhase section */
		839EC07829B903630094DCA5 /* Resources */ = {
			isa = PBXResourcesBuildPhase;
			buildActionMask = 2147483647;
			files = (
				839EC08A29B903640094DCA5 /* LaunchScreen.storyboard in Resources */,
				839EC09B29B9046E0094DCA5 /* NuevoContacto.xib in Resources */,
				839EC09F29B904A50094DCA5 /* ContactoCell.xib in Resources */,
				839EC08729B903640094DCA5 /* Assets.xcassets in Resources */,
				839EC09729B904590094DCA5 /* ListaContactos.xib in Resources */,
			);
			runOnlyForDeploymentPostprocessing = 0;
		};
/* End PBXResourcesBuildPhase section */

/* Begin PBXShellScriptBuildPhase section */
		3202388A579E1D31BF593FCF /* [CP] Embed Pods Frameworks */ = {
			isa = PBXShellScriptBuildPhase;
			buildActionMask = 2147483647;
			files = (
			);
			inputFileListPaths = (
				"${PODS_ROOT}/Target Support Files/Pods-contactos-app/Pods-contactos-app-frameworks-${CONFIGURATION}-input-files.xcfilelist",
			);
			name = "[CP] Embed Pods Frameworks";
			outputFileListPaths = (
				"${PODS_ROOT}/Target Support Files/Pods-contactos-app/Pods-contactos-app-frameworks-${CONFIGURATION}-output-files.xcfilelist",
			);
			runOnlyForDeploymentPostprocessing = 0;
			shellPath = /bin/sh;
			shellScript = "\"${PODS_ROOT}/Target Support Files/Pods-contactos-app/Pods-contactos-app-frameworks.sh\"\n";
			showEnvVarsInLog = 0;
		};
		44A760ED91817054B73AD917 /* [CP] Check Pods Manifest.lock */ = {
			isa = PBXShellScriptBuildPhase;
			buildActionMask = 2147483647;
			files = (
			);
			inputFileListPaths = (
			);
			inputPaths = (
				"${PODS_PODFILE_DIR_PATH}/Podfile.lock",
				"${PODS_ROOT}/Manifest.lock",
			);
			name = "[CP] Check Pods Manifest.lock";
			outputFileListPaths = (
			);
			outputPaths = (
				"$(DERIVED_FILE_DIR)/Pods-contactos-app-checkManifestLockResult.txt",
			);
			runOnlyForDeploymentPostprocessing = 0;
			shellPath = /bin/sh;
			shellScript = "diff \"${PODS_PODFILE_DIR_PATH}/Podfile.lock\" \"${PODS_ROOT}/Manifest.lock\" > /dev/null\nif [ $? != 0 ] ; then\n    # print error to STDERR\n    echo \"error: The sandbox is not in sync with the Podfile.lock. Run 'pod install' or update your CocoaPods installation.\" >&2\n    exit 1\nfi\n# This output is used by Xcode 'outputs' to avoid re-running this script phase.\necho \"SUCCESS\" > \"${SCRIPT_OUTPUT_FILE_0}\"\n";
			showEnvVarsInLog = 0;
		};
/* End PBXShellScriptBuildPhase section */

/* Begin PBXSourcesBuildPhase section */
		839EC07629B903630094DCA5 /* Sources */ = {
			isa = PBXSourcesBuildPhase;
			buildActionMask = 2147483647;
			files = (
				839EC07E29B903630094DCA5 /* AppDelegate.swift in Sources */,
				839EC09A29B9046E0094DCA5 /* NuevoContacto.swift in Sources */,
				839EC09629B904590094DCA5 /* ListaContactos.swift in Sources */,
				839EC0A329B906600094DCA5 /* Contacto.swift in Sources */,
				839EC0A129B906080094DCA5 /* Constants.swift in Sources */,
				839EC09E29B904A50094DCA5 /* ContactoCell.swift in Sources */,
				839EC0A529B906C20094DCA5 /* ContactosViewModel.swift in Sources */,
				839EC08029B903630094DCA5 /* SceneDelegate.swift in Sources */,
			);
			runOnlyForDeploymentPostprocessing = 0;
		};
/* End PBXSourcesBuildPhase section */

/* Begin PBXVariantGroup section */
		839EC08829B903640094DCA5 /* LaunchScreen.storyboard */ = {
			isa = PBXVariantGroup;
			children = (
				839EC08929B903640094DCA5 /* Base */,
			);
			name = LaunchScreen.storyboard;
			sourceTree = "<group>";
		};
/* End PBXVariantGroup section */

/* Begin XCBuildConfiguration section */
		839EC08C29B903640094DCA5 /* Debug */ = {
			isa = XCBuildConfiguration;
			buildSettings = {
				ALWAYS_SEARCH_USER_PATHS = NO;
				CLANG_ANALYZER_NONNULL = YES;
				CLANG_ANALYZER_NUMBER_OBJECT_CONVERSION = YES_AGGRESSIVE;
				CLANG_CXX_LANGUAGE_STANDARD = "gnu++20";
				CLANG_ENABLE_MODULES = YES;
				CLANG_ENABLE_OBJC_ARC = YES;
				CLANG_ENABLE_OBJC_WEAK = YES;
				CLANG_WARN_BLOCK_CAPTURE_AUTORELEASING = YES;
				CLANG_WARN_BOOL_CONVERSION = YES;
				CLANG_WARN_COMMA = YES;
				CLANG_WARN_CONSTANT_CONVERSION = YES;
				CLANG_WARN_DEPRECATED_OBJC_IMPLEMENTATIONS = YES;
				CLANG_WARN_DIRECT_OBJC_ISA_USAGE = YES_ERROR;
				CLANG_WARN_DOCUMENTATION_COMMENTS = YES;
				CLANG_WARN_EMPTY_BODY = YES;
				CLANG_WARN_ENUM_CONVERSION = YES;
				CLANG_WARN_INFINITE_RECURSION = YES;
				CLANG_WARN_INT_CONVERSION = YES;
				CLANG_WARN_NON_LITERAL_NULL_CONVERSION = YES;
				CLANG_WARN_OBJC_IMPLICIT_RETAIN_SELF = YES;
				CLANG_WARN_OBJC_LITERAL_CONVERSION = YES;
				CLANG_WARN_OBJC_ROOT_CLASS = YES_ERROR;
				CLANG_WARN_QUOTED_INCLUDE_IN_FRAMEWORK_HEADER = YES;
				CLANG_WARN_RANGE_LOOP_ANALYSIS = YES;
				CLANG_WARN_STRICT_PROTOTYPES = YES;
				CLANG_WARN_SUSPICIOUS_MOVE = YES;
				CLANG_WARN_UNGUARDED_AVAILABILITY = YES_AGGRESSIVE;
				CLANG_WARN_UNREACHABLE_CODE = YES;
				CLANG_WARN__DUPLICATE_METHOD_MATCH = YES;
				COPY_PHASE_STRIP = NO;
				DEBUG_INFORMATION_FORMAT = dwarf;
				ENABLE_STRICT_OBJC_MSGSEND = YES;
				ENABLE_TESTABILITY = YES;
				GCC_C_LANGUAGE_STANDARD = gnu11;
				GCC_DYNAMIC_NO_PIC = NO;
				GCC_NO_COMMON_BLOCKS = YES;
				GCC_OPTIMIZATION_LEVEL = 0;
				GCC_PREPROCESSOR_DEFINITIONS = (
					"DEBUG=1",
					"$(inherited)",
				);
				GCC_WARN_64_TO_32_BIT_CONVERSION = YES;
				GCC_WARN_ABOUT_RETURN_TYPE = YES_ERROR;
				GCC_WARN_UNDECLARED_SELECTOR = YES;
				GCC_WARN_UNINITIALIZED_AUTOS = YES_AGGRESSIVE;
				GCC_WARN_UNUSED_FUNCTION = YES;
				GCC_WARN_UNUSED_VARIABLE = YES;
				IPHONEOS_DEPLOYMENT_TARGET = 16.2;
				MTL_ENABLE_DEBUG_INFO = INCLUDE_SOURCE;
				MTL_FAST_MATH = YES;
				ONLY_ACTIVE_ARCH = YES;
				SDKROOT = iphoneos;
				SWIFT_ACTIVE_COMPILATION_CONDITIONS = DEBUG;
				SWIFT_OPTIMIZATION_LEVEL = "-Onone";
			};
			name = Debug;
		};
		839EC08D29B903640094DCA5 /* Release */ = {
			isa = XCBuildConfiguration;
			buildSettings = {
				ALWAYS_SEARCH_USER_PATHS = NO;
				CLANG_ANALYZER_NONNULL = YES;
				CLANG_ANALYZER_NUMBER_OBJECT_CONVERSION = YES_AGGRESSIVE;
				CLANG_CXX_LANGUAGE_STANDARD = "gnu++20";
				CLANG_ENABLE_MODULES = YES;
				CLANG_ENABLE_OBJC_ARC = YES;
				CLANG_ENABLE_OBJC_WEAK = YES;
				CLANG_WARN_BLOCK_CAPTURE_AUTORELEASING = YES;
				CLANG_WARN_BOOL_CONVERSION = YES;
				CLANG_WARN_COMMA = YES;
				CLANG_WARN_CONSTANT_CONVERSION = YES;
				CLANG_WARN_DEPRECATED_OBJC_IMPLEMENTATIONS = YES;
				CLANG_WARN_DIRECT_OBJC_ISA_USAGE = YES_ERROR;
				CLANG_WARN_DOCUMENTATION_COMMENTS = YES;
				CLANG_WARN_EMPTY_BODY = YES;
				CLANG_WARN_ENUM_CONVERSION = YES;
				CLANG_WARN_INFINITE_RECURSION = YES;
				CLANG_WARN_INT_CONVERSION = YES;
				CLANG_WARN_NON_LITERAL_NULL_CONVERSION = YES;
				CLANG_WARN_OBJC_IMPLICIT_RETAIN_SELF = YES;
				CLANG_WARN_OBJC_LITERAL_CONVERSION = YES;
				CLANG_WARN_OBJC_ROOT_CLASS = YES_ERROR;
				CLANG_WARN_QUOTED_INCLUDE_IN_FRAMEWORK_HEADER = YES;
				CLANG_WARN_RANGE_LOOP_ANALYSIS = YES;
				CLANG_WARN_STRICT_PROTOTYPES = YES;
				CLANG_WARN_SUSPICIOUS_MOVE = YES;
				CLANG_WARN_UNGUARDED_AVAILABILITY = YES_AGGRESSIVE;
				CLANG_WARN_UNREACHABLE_CODE = YES;
				CLANG_WARN__DUPLICATE_METHOD_MATCH = YES;
				COPY_PHASE_STRIP = NO;
				DEBUG_INFORMATION_FORMAT = "dwarf-with-dsym";
				ENABLE_NS_ASSERTIONS = NO;
				ENABLE_STRICT_OBJC_MSGSEND = YES;
				GCC_C_LANGUAGE_STANDARD = gnu11;
				GCC_NO_COMMON_BLOCKS = YES;
				GCC_WARN_64_TO_32_BIT_CONVERSION = YES;
				GCC_WARN_ABOUT_RETURN_TYPE = YES_ERROR;
				GCC_WARN_UNDECLARED_SELECTOR = YES;
				GCC_WARN_UNINITIALIZED_AUTOS = YES_AGGRESSIVE;
				GCC_WARN_UNUSED_FUNCTION = YES;
				GCC_WARN_UNUSED_VARIABLE = YES;
				IPHONEOS_DEPLOYMENT_TARGET = 16.2;
				MTL_ENABLE_DEBUG_INFO = NO;
				MTL_FAST_MATH = YES;
				SDKROOT = iphoneos;
				SWIFT_COMPILATION_MODE = wholemodule;
				SWIFT_OPTIMIZATION_LEVEL = "-O";
				VALIDATE_PRODUCT = YES;
			};
			name = Release;
		};
		839EC08F29B903640094DCA5 /* Debug */ = {
			isa = XCBuildConfiguration;
			baseConfigurationReference = C56465D0ED35BB45A23B6F20 /* Pods-contactos-app.debug.xcconfig */;
			buildSettings = {
				ASSETCATALOG_COMPILER_APPICON_NAME = AppIcon;
				ASSETCATALOG_COMPILER_GLOBAL_ACCENT_COLOR_NAME = AccentColor;
				CODE_SIGN_STYLE = Automatic;
				CURRENT_PROJECT_VERSION = 1;
				GENERATE_INFOPLIST_FILE = YES;
				INFOPLIST_FILE = "contactos-app/Info.plist";
				INFOPLIST_KEY_UIApplicationSupportsIndirectInputEvents = YES;
				INFOPLIST_KEY_UILaunchStoryboardName = LaunchScreen;
				INFOPLIST_KEY_UIMainStoryboardFile = "";
				INFOPLIST_KEY_UISupportedInterfaceOrientations_iPad = "UIInterfaceOrientationPortrait UIInterfaceOrientationPortraitUpsideDown UIInterfaceOrientationLandscapeLeft UIInterfaceOrientationLandscapeRight";
				INFOPLIST_KEY_UISupportedInterfaceOrientations_iPhone = "UIInterfaceOrientationPortrait UIInterfaceOrientationLandscapeLeft UIInterfaceOrientationLandscapeRight";
				LD_RUNPATH_SEARCH_PATHS = (
					"$(inherited)",
					"@executable_path/Frameworks",
				);
				MARKETING_VERSION = 1.0;
				PRODUCT_BUNDLE_IDENTIFIER = "com.hh.contactos-app";
				PRODUCT_NAME = "$(TARGET_NAME)";
				SWIFT_EMIT_LOC_STRINGS = YES;
				SWIFT_VERSION = 5.0;
				TARGETED_DEVICE_FAMILY = "1,2";
			};
			name = Debug;
		};
		839EC09029B903640094DCA5 /* Release */ = {
			isa = XCBuildConfiguration;
			baseConfigurationReference = D107947307F3DDBFF20084C4 /* Pods-contactos-app.release.xcconfig */;
			buildSettings = {
				ASSETCATALOG_COMPILER_APPICON_NAME = AppIcon;
				ASSETCATALOG_COMPILER_GLOBAL_ACCENT_COLOR_NAME = AccentColor;
				CODE_SIGN_STYLE = Automatic;
				CURRENT_PROJECT_VERSION = 1;
				GENERATE_INFOPLIST_FILE = YES;
				INFOPLIST_FILE = "contactos-app/Info.plist";
				INFOPLIST_KEY_UIApplicationSupportsIndirectInputEvents = YES;
				INFOPLIST_KEY_UILaunchStoryboardName = LaunchScreen;
				INFOPLIST_KEY_UIMainStoryboardFile = "";
				INFOPLIST_KEY_UISupportedInterfaceOrientations_iPad = "UIInterfaceOrientationPortrait UIInterfaceOrientationPortraitUpsideDown UIInterfaceOrientationLandscapeLeft UIInterfaceOrientationLandscapeRight";
				INFOPLIST_KEY_UISupportedInterfaceOrientations_iPhone = "UIInterfaceOrientationPortrait UIInterfaceOrientationLandscapeLeft UIInterfaceOrientationLandscapeRight";
				LD_RUNPATH_SEARCH_PATHS = (
					"$(inherited)",
					"@executable_path/Frameworks",
				);
				MARKETING_VERSION = 1.0;
				PRODUCT_BUNDLE_IDENTIFIER = "com.hh.contactos-app";
				PRODUCT_NAME = "$(TARGET_NAME)";
				SWIFT_EMIT_LOC_STRINGS = YES;
				SWIFT_VERSION = 5.0;
				TARGETED_DEVICE_FAMILY = "1,2";
			};
			name = Release;
		};
/* End XCBuildConfiguration section */

/* Begin XCConfigurationList section */
		839EC07529B903630094DCA5 /* Build configuration list for PBXProject "contactos-app" */ = {
			isa = XCConfigurationList;
			buildConfigurations = (
				839EC08C29B903640094DCA5 /* Debug */,
				839EC08D29B903640094DCA5 /* Release */,
			);
			defaultConfigurationIsVisible = 0;
			defaultConfigurationName = Release;
		};
		839EC08E29B903640094DCA5 /* Build configuration list for PBXNativeTarget "contactos-app" */ = {
			isa = XCConfigurationList;
			buildConfigurations = (
				839EC08F29B903640094DCA5 /* Debug */,
				839EC09029B903640094DCA5 /* Release */,
			);
			defaultConfigurationIsVisible = 0;
			defaultConfigurationName = Release;
		};
/* End XCConfigurationList section */
	};
	rootObject = 839EC07229B903630094DCA5 /* Project object */;
}
